
Microsoft Visual Studio Solution File, Format Version 12.00
# Visual Studio Version 17
VisualStudioVersion = 17.3.32825.248
MinimumVisualStudioVersion = 10.0.40219.1
Project("{FAE04EC0-301F-11D3-BF4B-00C04F79EFBC}") = "lab4.1", "lab4.1\lab4.1.csproj", "{0CF0369E-4063-418D-BC8A-D9C9BD5C0C11}"
EndProject
Global
	GlobalSection(SolutionConfigurationPlatforms) = preSolution
		Debug|Any CPU = Debug|Any CPU
		Debug|x64 = Debug|x64
		Release|Any CPU = Release|Any CPU
		Release|x64 = Release|x64
	EndGlobalSection
	GlobalSection(ProjectConfigurationPlatforms) = postSolution
		{0CF0369E-4063-418D-BC8A-D9C9BD5C0C11}.Debug|Any CPU.ActiveCfg = Debug|Any CPU
		{0CF0369E-4063-418D-BC8A-D9C9BD5C0C11}.Debug|Any CPU.Build.0 = Debug|Any CPU
		{0CF0369E-4063-418D-BC8A-D9C9BD5C0C11}.Debug|x64.ActiveCfg = Debug|x64
		{0CF0369E-4063-418D-BC8A-D9C9BD5C0C11}.Debug|x64.Build.0 = Debug|x64
		{0CF0369E-4063-418D-BC8A-D9C9BD5C0C11}.Release|Any CPU.ActiveCfg = Release|Any CPU
		{0CF0369E-4063-418D-BC8A-D9C9BD5C0C11}.Release|Any CPU.Build.0 = Release|Any CPU
		{0CF0369E-4063-418D-BC8A-D9C9BD5C0C11}.Release|x64.ActiveCfg = Release|x64
		{0CF0369E-4063-418D-BC8A-D9C9BD5C0C11}.Release|x64.Build.0 = Release|x64
	EndGlobalSection
	GlobalSection(SolutionProperties) = preSolution
		HideSolutionNode = FALSE
	EndGlobalSection
	GlobalSection(ExtensibilityGlobals) = postSolution
		SolutionGuid = {DFBCDB3C-E5A5-43F4-9CEE-D029B829BFB1}
	EndGlobalSection
EndGlobal
